// !$*UTF8*$!
{
	archiveVersion = 1;
	classes = {
	};
	objectVersion = 46;
	objects = {

/* Begin PBXBuildFile section */
		418825EF1D11C523002C2648 /* ViewWebServiceProtocol.swift in Sources */ = {isa = PBXBuildFile; fileRef = 418825EE1D11C523002C2648 /* ViewWebServiceProtocol.swift */; };
		418825F11D11C698002C2648 /* News.swift in Sources */ = {isa = PBXBuildFile; fileRef = 418825F01D11C698002C2648 /* News.swift */; };
		418825F31D12FD8D002C2648 /* Event.swift in Sources */ = {isa = PBXBuildFile; fileRef = 418825F21D12FD8D002C2648 /* Event.swift */; };
		418825F91D15A1BC002C2648 /* NewsDetailsViewController.swift in Sources */ = {isa = PBXBuildFile; fileRef = 418825F81D15A1BC002C2648 /* NewsDetailsViewController.swift */; };
		41D16C621D10384700EEB8A2 /* NewsTableViewCell.swift in Sources */ = {isa = PBXBuildFile; fileRef = 41D16C611D10384700EEB8A2 /* NewsTableViewCell.swift */; };
		41EE79731D1F0227003B4025 /* leftViewController.swift in Sources */ = {isa = PBXBuildFile; fileRef = 41EE79721D1F0227003B4025 /* leftViewController.swift */; };
		57CFB314DE50DA2BFD824FA0 /* Pods_Nobala.framework in Frameworks */ = {isa = PBXBuildFile; fileRef = 1E6584049A7C858A374C3B44 /* Pods_Nobala.framework */; };
		AF0438881D10C2CD00CF6F2A /* NewsViewController.swift in Sources */ = {isa = PBXBuildFile; fileRef = AF0438871D10C2CD00CF6F2A /* NewsViewController.swift */; };
		AF09BBDB1DBBEC4E00C4414F /* ExamsTableViewCell.swift in Sources */ = {isa = PBXBuildFile; fileRef = AF09BBDA1DBBEC4E00C4414F /* ExamsTableViewCell.swift */; };
		AF106BEF1D0D5D260053130C /* AppDelegate.swift in Sources */ = {isa = PBXBuildFile; fileRef = AF106BEE1D0D5D260053130C /* AppDelegate.swift */; };
		AF106BF11D0D5D260053130C /* ViewController.swift in Sources */ = {isa = PBXBuildFile; fileRef = AF106BF01D0D5D260053130C /* ViewController.swift */; };
		AF106BF41D0D5D260053130C /* Main.storyboard in Resources */ = {isa = PBXBuildFile; fileRef = AF106BF21D0D5D260053130C /* Main.storyboard */; };
		AF106BF61D0D5D260053130C /* Assets.xcassets in Resources */ = {isa = PBXBuildFile; fileRef = AF106BF51D0D5D260053130C /* Assets.xcassets */; };
		AF106BF91D0D5D260053130C /* LaunchScreen.storyboard in Resources */ = {isa = PBXBuildFile; fileRef = AF106BF71D0D5D260053130C /* LaunchScreen.storyboard */; };
		AF106C041D0D5D270053130C /* NobalaTests.swift in Sources */ = {isa = PBXBuildFile; fileRef = AF106C031D0D5D270053130C /* NobalaTests.swift */; };
		AF106C0F1D0D5D270053130C /* NobalaUITests.swift in Sources */ = {isa = PBXBuildFile; fileRef = AF106C0E1D0D5D270053130C /* NobalaUITests.swift */; };
		AF106C1E1D0D755C0053130C /* NobalaClient.swift in Sources */ = {isa = PBXBuildFile; fileRef = AF106C1D1D0D755C0053130C /* NobalaClient.swift */; };
		AF106C201D0D75760053130C /* NobalaConvenient.swift in Sources */ = {isa = PBXBuildFile; fileRef = AF106C1F1D0D75760053130C /* NobalaConvenient.swift */; };
		AF106C221D0D75860053130C /* NobalaConstants.swift in Sources */ = {isa = PBXBuildFile; fileRef = AF106C211D0D75860053130C /* NobalaConstants.swift */; };
		AF658F001D813B6C005914E9 /* HomeWork.swift in Sources */ = {isa = PBXBuildFile; fileRef = AF658EFF1D813B6C005914E9 /* HomeWork.swift */; };
		AF71CA0E1D9D434A00B9D458 /* ExamsTeacherFollowUp.swift in Sources */ = {isa = PBXBuildFile; fileRef = AF71CA0D1D9D434A00B9D458 /* ExamsTeacherFollowUp.swift */; };
		AF7256801D9A75A9001E0515 /* Exams.swift in Sources */ = {isa = PBXBuildFile; fileRef = AF72567F1D9A75A9001E0515 /* Exams.swift */; };
		AF940BF71DA5651800937119 /* NobalaWebServiceProtocol.swift in Sources */ = {isa = PBXBuildFile; fileRef = AF940BF61DA5651800937119 /* NobalaWebServiceProtocol.swift */; };
		AF9A879A1D9D2C5D00B62337 /* HomeWorkStudentReport.swift in Sources */ = {isa = PBXBuildFile; fileRef = AF9A87991D9D2C5D00B62337 /* HomeWorkStudentReport.swift */; };
		AFB086421D13577600DB6266 /* NobalaViewController.swift in Sources */ = {isa = PBXBuildFile; fileRef = AFB086411D13577600DB6266 /* NobalaViewController.swift */; };
		AFB086441D1358F500DB6266 /* KnowsUsViewController.swift in Sources */ = {isa = PBXBuildFile; fileRef = AFB086431D1358F500DB6266 /* KnowsUsViewController.swift */; };
		AFB086461D13FC5800DB6266 /* ContactUsViewController.swift in Sources */ = {isa = PBXBuildFile; fileRef = AFB086451D13FC5800DB6266 /* ContactUsViewController.swift */; };
		AFB086481D143FB200DB6266 /* MainPages.swift in Sources */ = {isa = PBXBuildFile; fileRef = AFB086471D143FB200DB6266 /* MainPages.swift */; };
		AFB9E4BC1D11605900C045EF /* EventsViewController.swift in Sources */ = {isa = PBXBuildFile; fileRef = AFB9E4BB1D11605900C045EF /* EventsViewController.swift */; };
		AFC6BC6C1DB9791300AA4E9C /* ExamsViewController.swift in Sources */ = {isa = PBXBuildFile; fileRef = AFC6BC6B1DB9791300AA4E9C /* ExamsViewController.swift */; };
		AFC6BC6E1DB9793600AA4E9C /* HomeWorkReportViewController.swift in Sources */ = {isa = PBXBuildFile; fileRef = AFC6BC6D1DB9793600AA4E9C /* HomeWorkReportViewController.swift */; };
		AFC6BC701DB9794F00AA4E9C /* ExamsReportViewController.swift in Sources */ = {isa = PBXBuildFile; fileRef = AFC6BC6F1DB9794F00AA4E9C /* ExamsReportViewController.swift */; };
		AFC6BC721DB9797700AA4E9C /* LearningPlanViewController.swift in Sources */ = {isa = PBXBuildFile; fileRef = AFC6BC711DB9797700AA4E9C /* LearningPlanViewController.swift */; };
		AFC6BC741DB979AB00AA4E9C /* DailyHomeworkViewController.swift in Sources */ = {isa = PBXBuildFile; fileRef = AFC6BC731DB979AB00AA4E9C /* DailyHomeworkViewController.swift */; };
		AFCA67941DA3D46200970D1B /* LoginViewController.swift in Sources */ = {isa = PBXBuildFile; fileRef = AFCA67931DA3D46200970D1B /* LoginViewController.swift */; };
		AFD60D021D7D01360002ED14 /* Users.swift in Sources */ = {isa = PBXBuildFile; fileRef = AFD60D011D7D01360002ED14 /* Users.swift */; };
		B86FBFB47C3B16B26650B9EF /* Pods_NobalaUITests.framework in Frameworks */ = {isa = PBXBuildFile; fileRef = 19F8CDBB075E1BAE30EE1D7F /* Pods_NobalaUITests.framework */; };
		C301D2801D2327FB00EF0AE6 /* SocialViewController.swift in Sources */ = {isa = PBXBuildFile; fileRef = C301D27F1D2327FB00EF0AE6 /* SocialViewController.swift */; };
		E3430A561DB0254C008BC6BB /* managerMainMenuViewController.swift in Sources */ = {isa = PBXBuildFile; fileRef = E3430A551DB0254C008BC6BB /* managerMainMenuViewController.swift */; };
		E3430A581DB02C5B008BC6BB /* homeWorkViewController.swift in Sources */ = {isa = PBXBuildFile; fileRef = E3430A571DB02C5B008BC6BB /* homeWorkViewController.swift */; };
		E3430A5A1DB02FC5008BC6BB /* homeWorkTableViewCell.swift in Sources */ = {isa = PBXBuildFile; fileRef = E3430A591DB02FC5008BC6BB /* homeWorkTableViewCell.swift */; };
		F383F28FCA7528CD2D4DF9C1 /* Pods_NobalaTests.framework in Frameworks */ = {isa = PBXBuildFile; fileRef = 4633B310B0BE17B61B465026 /* Pods_NobalaTests.framework */; };
/* End PBXBuildFile section */

/* Begin PBXContainerItemProxy section */
		AF106C001D0D5D270053130C /* PBXContainerItemProxy */ = {
			isa = PBXContainerItemProxy;
			containerPortal = AF106BE31D0D5D260053130C /* Project object */;
			proxyType = 1;
			remoteGlobalIDString = AF106BEA1D0D5D260053130C;
			remoteInfo = Nobala;
		};
		AF106C0B1D0D5D270053130C /* PBXContainerItemProxy */ = {
			isa = PBXContainerItemProxy;
			containerPortal = AF106BE31D0D5D260053130C /* Project object */;
			proxyType = 1;
			remoteGlobalIDString = AF106BEA1D0D5D260053130C;
			remoteInfo = Nobala;
		};
/* End PBXContainerItemProxy section */

/* Begin PBXFileReference section */
		19F8CDBB075E1BAE30EE1D7F /* Pods_NobalaUITests.framework */ = {isa = PBXFileReference; explicitFileType = wrapper.framework; includeInIndex = 0; path = Pods_NobalaUITests.framework; sourceTree = BUILT_PRODUCTS_DIR; };
		1E6584049A7C858A374C3B44 /* Pods_Nobala.framework */ = {isa = PBXFileReference; explicitFileType = wrapper.framework; includeInIndex = 0; path = Pods_Nobala.framework; sourceTree = BUILT_PRODUCTS_DIR; };
		2C425AFED6CC1EB8D079BC25 /* Pods-NobalaUITests.debug.xcconfig */ = {isa = PBXFileReference; includeInIndex = 1; lastKnownFileType = text.xcconfig; name = "Pods-NobalaUITests.debug.xcconfig"; path = "Pods/Target Support Files/Pods-NobalaUITests/Pods-NobalaUITests.debug.xcconfig"; sourceTree = "<group>"; };
		418825EE1D11C523002C2648 /* ViewWebServiceProtocol.swift */ = {isa = PBXFileReference; fileEncoding = 4; lastKnownFileType = sourcecode.swift; name = ViewWebServiceProtocol.swift; path = Controllers/ViewWebServiceProtocol.swift; sourceTree = "<group>"; };
		418825F01D11C698002C2648 /* News.swift */ = {isa = PBXFileReference; fileEncoding = 4; lastKnownFileType = sourcecode.swift; name = News.swift; path = Model/News.swift; sourceTree = "<group>"; };
		418825F21D12FD8D002C2648 /* Event.swift */ = {isa = PBXFileReference; fileEncoding = 4; lastKnownFileType = sourcecode.swift; name = Event.swift; path = Model/Event.swift; sourceTree = "<group>"; };
		418825F81D15A1BC002C2648 /* NewsDetailsViewController.swift */ = {isa = PBXFileReference; fileEncoding = 4; lastKnownFileType = sourcecode.swift; name = NewsDetailsViewController.swift; path = View/NewsDetailsViewController.swift; sourceTree = "<group>"; };
		41D16C611D10384700EEB8A2 /* NewsTableViewCell.swift */ = {isa = PBXFileReference; fileEncoding = 4; lastKnownFileType = sourcecode.swift; name = NewsTableViewCell.swift; path = View/NewsTableViewCell.swift; sourceTree = "<group>"; };
		41EE79721D1F0227003B4025 /* leftViewController.swift */ = {isa = PBXFileReference; fileEncoding = 4; lastKnownFileType = sourcecode.swift; path = leftViewController.swift; sourceTree = "<group>"; };
		4633B310B0BE17B61B465026 /* Pods_NobalaTests.framework */ = {isa = PBXFileReference; explicitFileType = wrapper.framework; includeInIndex = 0; path = Pods_NobalaTests.framework; sourceTree = BUILT_PRODUCTS_DIR; };
		557B29992FCBE88A41B17321 /* Pods-Nobala.release.xcconfig */ = {isa = PBXFileReference; includeInIndex = 1; lastKnownFileType = text.xcconfig; name = "Pods-Nobala.release.xcconfig"; path = "Pods/Target Support Files/Pods-Nobala/Pods-Nobala.release.xcconfig"; sourceTree = "<group>"; };
		6EF4386AC8933116735F88D8 /* Pods-Nobala.debug.xcconfig */ = {isa = PBXFileReference; includeInIndex = 1; lastKnownFileType = text.xcconfig; name = "Pods-Nobala.debug.xcconfig"; path = "Pods/Target Support Files/Pods-Nobala/Pods-Nobala.debug.xcconfig"; sourceTree = "<group>"; };
		7EB0F448900B2FBAA7E40BDF /* Pods-NobalaTests.release.xcconfig */ = {isa = PBXFileReference; includeInIndex = 1; lastKnownFileType = text.xcconfig; name = "Pods-NobalaTests.release.xcconfig"; path = "Pods/Target Support Files/Pods-NobalaTests/Pods-NobalaTests.release.xcconfig"; sourceTree = "<group>"; };
		AF0438871D10C2CD00CF6F2A /* NewsViewController.swift */ = {isa = PBXFileReference; fileEncoding = 4; lastKnownFileType = sourcecode.swift; path = NewsViewController.swift; sourceTree = "<group>"; };
		AF09BBDA1DBBEC4E00C4414F /* ExamsTableViewCell.swift */ = {isa = PBXFileReference; fileEncoding = 4; lastKnownFileType = sourcecode.swift; path = ExamsTableViewCell.swift; sourceTree = "<group>"; };
		AF106BEB1D0D5D260053130C /* Nobala.app */ = {isa = PBXFileReference; explicitFileType = wrapper.application; includeInIndex = 0; path = Nobala.app; sourceTree = BUILT_PRODUCTS_DIR; };
		AF106BEE1D0D5D260053130C /* AppDelegate.swift */ = {isa = PBXFileReference; lastKnownFileType = sourcecode.swift; path = AppDelegate.swift; sourceTree = "<group>"; };
		AF106BF01D0D5D260053130C /* ViewController.swift */ = {isa = PBXFileReference; lastKnownFileType = sourcecode.swift; path = ViewController.swift; sourceTree = "<group>"; };
		AF106BF31D0D5D260053130C /* Base */ = {isa = PBXFileReference; lastKnownFileType = file.storyboard; name = Base; path = Base.lproj/Main.storyboard; sourceTree = "<group>"; };
		AF106BF51D0D5D260053130C /* Assets.xcassets */ = {isa = PBXFileReference; lastKnownFileType = folder.assetcatalog; path = Assets.xcassets; sourceTree = "<group>"; };
		AF106BF81D0D5D260053130C /* Base */ = {isa = PBXFileReference; lastKnownFileType = file.storyboard; name = Base; path = Base.lproj/LaunchScreen.storyboard; sourceTree = "<group>"; };
		AF106BFA1D0D5D270053130C /* Info.plist */ = {isa = PBXFileReference; lastKnownFileType = text.plist.xml; path = Info.plist; sourceTree = "<group>"; };
		AF106BFF1D0D5D270053130C /* NobalaTests.xctest */ = {isa = PBXFileReference; explicitFileType = wrapper.cfbundle; includeInIndex = 0; path = NobalaTests.xctest; sourceTree = BUILT_PRODUCTS_DIR; };
		AF106C031D0D5D270053130C /* NobalaTests.swift */ = {isa = PBXFileReference; lastKnownFileType = sourcecode.swift; path = NobalaTests.swift; sourceTree = "<group>"; };
		AF106C051D0D5D270053130C /* Info.plist */ = {isa = PBXFileReference; lastKnownFileType = text.plist.xml; path = Info.plist; sourceTree = "<group>"; };
		AF106C0A1D0D5D270053130C /* NobalaUITests.xctest */ = {isa = PBXFileReference; explicitFileType = wrapper.cfbundle; includeInIndex = 0; path = NobalaUITests.xctest; sourceTree = BUILT_PRODUCTS_DIR; };
		AF106C0E1D0D5D270053130C /* NobalaUITests.swift */ = {isa = PBXFileReference; lastKnownFileType = sourcecode.swift; path = NobalaUITests.swift; sourceTree = "<group>"; };
		AF106C101D0D5D270053130C /* Info.plist */ = {isa = PBXFileReference; lastKnownFileType = text.plist.xml; path = Info.plist; sourceTree = "<group>"; };
		AF106C1D1D0D755C0053130C /* NobalaClient.swift */ = {isa = PBXFileReference; fileEncoding = 4; lastKnownFileType = sourcecode.swift; path = NobalaClient.swift; sourceTree = "<group>"; };
		AF106C1F1D0D75760053130C /* NobalaConvenient.swift */ = {isa = PBXFileReference; fileEncoding = 4; lastKnownFileType = sourcecode.swift; path = NobalaConvenient.swift; sourceTree = "<group>"; };
		AF106C211D0D75860053130C /* NobalaConstants.swift */ = {isa = PBXFileReference; fileEncoding = 4; lastKnownFileType = sourcecode.swift; path = NobalaConstants.swift; sourceTree = "<group>"; };
		AF658EFF1D813B6C005914E9 /* HomeWork.swift */ = {isa = PBXFileReference; fileEncoding = 4; lastKnownFileType = sourcecode.swift; path = HomeWork.swift; sourceTree = "<group>"; };
		AF71CA0D1D9D434A00B9D458 /* ExamsTeacherFollowUp.swift */ = {isa = PBXFileReference; fileEncoding = 4; lastKnownFileType = sourcecode.swift; path = ExamsTeacherFollowUp.swift; sourceTree = "<group>"; };
		AF72567F1D9A75A9001E0515 /* Exams.swift */ = {isa = PBXFileReference; fileEncoding = 4; lastKnownFileType = sourcecode.swift; path = Exams.swift; sourceTree = "<group>"; };
		AF940BF61DA5651800937119 /* NobalaWebServiceProtocol.swift */ = {isa = PBXFileReference; fileEncoding = 4; lastKnownFileType = sourcecode.swift; path = NobalaWebServiceProtocol.swift; sourceTree = "<group>"; };
		AF9A87991D9D2C5D00B62337 /* HomeWorkStudentReport.swift */ = {isa = PBXFileReference; fileEncoding = 4; lastKnownFileType = sourcecode.swift; path = HomeWorkStudentReport.swift; sourceTree = "<group>"; };
		AFB086411D13577600DB6266 /* NobalaViewController.swift */ = {isa = PBXFileReference; fileEncoding = 4; lastKnownFileType = sourcecode.swift; path = NobalaViewController.swift; sourceTree = "<group>"; };
		AFB086431D1358F500DB6266 /* KnowsUsViewController.swift */ = {isa = PBXFileReference; fileEncoding = 4; lastKnownFileType = sourcecode.swift; path = KnowsUsViewController.swift; sourceTree = "<group>"; };
		AFB086451D13FC5800DB6266 /* ContactUsViewController.swift */ = {isa = PBXFileReference; fileEncoding = 4; lastKnownFileType = sourcecode.swift; path = ContactUsViewController.swift; sourceTree = "<group>"; };
		AFB086471D143FB200DB6266 /* MainPages.swift */ = {isa = PBXFileReference; fileEncoding = 4; lastKnownFileType = sourcecode.swift; path = MainPages.swift; sourceTree = "<group>"; };
		AFB9E4BB1D11605900C045EF /* EventsViewController.swift */ = {isa = PBXFileReference; fileEncoding = 4; lastKnownFileType = sourcecode.swift; path = EventsViewController.swift; sourceTree = "<group>"; };
		AFC6BC6B1DB9791300AA4E9C /* ExamsViewController.swift */ = {isa = PBXFileReference; fileEncoding = 4; lastKnownFileType = sourcecode.swift; path = ExamsViewController.swift; sourceTree = "<group>"; };
		AFC6BC6D1DB9793600AA4E9C /* HomeWorkReportViewController.swift */ = {isa = PBXFileReference; fileEncoding = 4; lastKnownFileType = sourcecode.swift; path = HomeWorkReportViewController.swift; sourceTree = "<group>"; };
		AFC6BC6F1DB9794F00AA4E9C /* ExamsReportViewController.swift */ = {isa = PBXFileReference; fileEncoding = 4; lastKnownFileType = sourcecode.swift; path = ExamsReportViewController.swift; sourceTree = "<group>"; };
		AFC6BC711DB9797700AA4E9C /* LearningPlanViewController.swift */ = {isa = PBXFileReference; fileEncoding = 4; lastKnownFileType = sourcecode.swift; path = LearningPlanViewController.swift; sourceTree = "<group>"; };
		AFC6BC731DB979AB00AA4E9C /* DailyHomeworkViewController.swift */ = {isa = PBXFileReference; fileEncoding = 4; lastKnownFileType = sourcecode.swift; path = DailyHomeworkViewController.swift; sourceTree = "<group>"; };
		AFCA67931DA3D46200970D1B /* LoginViewController.swift */ = {isa = PBXFileReference; fileEncoding = 4; lastKnownFileType = sourcecode.swift; path = LoginViewController.swift; sourceTree = "<group>"; };
		AFD60D011D7D01360002ED14 /* Users.swift */ = {isa = PBXFileReference; fileEncoding = 4; lastKnownFileType = sourcecode.swift; path = Users.swift; sourceTree = "<group>"; };
		C301D27F1D2327FB00EF0AE6 /* SocialViewController.swift */ = {isa = PBXFileReference; fileEncoding = 4; lastKnownFileType = sourcecode.swift; path = SocialViewController.swift; sourceTree = "<group>"; };
		E3430A551DB0254C008BC6BB /* managerMainMenuViewController.swift */ = {isa = PBXFileReference; fileEncoding = 4; lastKnownFileType = sourcecode.swift; path = managerMainMenuViewController.swift; sourceTree = "<group>"; };
		E3430A571DB02C5B008BC6BB /* homeWorkViewController.swift */ = {isa = PBXFileReference; fileEncoding = 4; lastKnownFileType = sourcecode.swift; path = homeWorkViewController.swift; sourceTree = "<group>"; };
		E3430A591DB02FC5008BC6BB /* homeWorkTableViewCell.swift */ = {isa = PBXFileReference; fileEncoding = 4; lastKnownFileType = sourcecode.swift; path = homeWorkTableViewCell.swift; sourceTree = "<group>"; };
		E39CD8703F567072BB453856 /* Pods-NobalaTests.debug.xcconfig */ = {isa = PBXFileReference; includeInIndex = 1; lastKnownFileType = text.xcconfig; name = "Pods-NobalaTests.debug.xcconfig"; path = "Pods/Target Support Files/Pods-NobalaTests/Pods-NobalaTests.debug.xcconfig"; sourceTree = "<group>"; };
		F2C7943EB1C7EF5503DCCD36 /* Pods-NobalaUITests.release.xcconfig */ = {isa = PBXFileReference; includeInIndex = 1; lastKnownFileType = text.xcconfig; name = "Pods-NobalaUITests.release.xcconfig"; path = "Pods/Target Support Files/Pods-NobalaUITests/Pods-NobalaUITests.release.xcconfig"; sourceTree = "<group>"; };
/* End PBXFileReference section */

/* Begin PBXFrameworksBuildPhase section */
		AF106BE81D0D5D260053130C /* Frameworks */ = {
			isa = PBXFrameworksBuildPhase;
			buildActionMask = 2147483647;
			files = (
				57CFB314DE50DA2BFD824FA0 /* Pods_Nobala.framework in Frameworks */,
			);
			runOnlyForDeploymentPostprocessing = 0;
		};
		AF106BFC1D0D5D270053130C /* Frameworks */ = {
			isa = PBXFrameworksBuildPhase;
			buildActionMask = 2147483647;
			files = (
				F383F28FCA7528CD2D4DF9C1 /* Pods_NobalaTests.framework in Frameworks */,
			);
			runOnlyForDeploymentPostprocessing = 0;
		};
		AF106C071D0D5D270053130C /* Frameworks */ = {
			isa = PBXFrameworksBuildPhase;
			buildActionMask = 2147483647;
			files = (
				B86FBFB47C3B16B26650B9EF /* Pods_NobalaUITests.framework in Frameworks */,
			);
			runOnlyForDeploymentPostprocessing = 0;
		};
/* End PBXFrameworksBuildPhase section */

/* Begin PBXGroup section */
		41D16C5C1D10311000EEB8A2 /* View */ = {
			isa = PBXGroup;
			children = (
				41D16C611D10384700EEB8A2 /* NewsTableViewCell.swift */,
				418825F81D15A1BC002C2648 /* NewsDetailsViewController.swift */,
				E3430A591DB02FC5008BC6BB /* homeWorkTableViewCell.swift */,
				AF09BBDA1DBBEC4E00C4414F /* ExamsTableViewCell.swift */,
			);
			name = View;
			sourceTree = "<group>";
		};
		8EB71D395DFA6516626E53BE /* Pods */ = {
			isa = PBXGroup;
			children = (
				6EF4386AC8933116735F88D8 /* Pods-Nobala.debug.xcconfig */,
				557B29992FCBE88A41B17321 /* Pods-Nobala.release.xcconfig */,
				E39CD8703F567072BB453856 /* Pods-NobalaTests.debug.xcconfig */,
				7EB0F448900B2FBAA7E40BDF /* Pods-NobalaTests.release.xcconfig */,
				2C425AFED6CC1EB8D079BC25 /* Pods-NobalaUITests.debug.xcconfig */,
				F2C7943EB1C7EF5503DCCD36 /* Pods-NobalaUITests.release.xcconfig */,
			);
			name = Pods;
			sourceTree = "<group>";
		};
		AF0438861D10C28800CF6F2A /* Controller */ = {
			isa = PBXGroup;
			children = (
				418825EE1D11C523002C2648 /* ViewWebServiceProtocol.swift */,
				AF940BF61DA5651800937119 /* NobalaWebServiceProtocol.swift */,
				AFB086411D13577600DB6266 /* NobalaViewController.swift */,
				AFB086431D1358F500DB6266 /* KnowsUsViewController.swift */,
				AF0438871D10C2CD00CF6F2A /* NewsViewController.swift */,
				AFB9E4BB1D11605900C045EF /* EventsViewController.swift */,
				AFB086451D13FC5800DB6266 /* ContactUsViewController.swift */,
				C301D27F1D2327FB00EF0AE6 /* SocialViewController.swift */,
				AFCA67931DA3D46200970D1B /* LoginViewController.swift */,
				E3430A551DB0254C008BC6BB /* managerMainMenuViewController.swift */,
				E3430A571DB02C5B008BC6BB /* homeWorkViewController.swift */,
				AFC6BC6B1DB9791300AA4E9C /* ExamsViewController.swift */,
				AFC6BC6D1DB9793600AA4E9C /* HomeWorkReportViewController.swift */,
				AFC6BC6F1DB9794F00AA4E9C /* ExamsReportViewController.swift */,
				AFC6BC711DB9797700AA4E9C /* LearningPlanViewController.swift */,
				AFC6BC731DB979AB00AA4E9C /* DailyHomeworkViewController.swift */,
			);
			name = Controller;
			sourceTree = "<group>";
		};
		AF106BE21D0D5D260053130C = {
			isa = PBXGroup;
			children = (
				AF106BED1D0D5D260053130C /* Nobala */,
				AF106C021D0D5D270053130C /* NobalaTests */,
				AF106C0D1D0D5D270053130C /* NobalaUITests */,
				AF106BEC1D0D5D260053130C /* Products */,
				8EB71D395DFA6516626E53BE /* Pods */,
				C3CF2CD4F4A51B077DD407ED /* Frameworks */,
			);
			sourceTree = "<group>";
		};
		AF106BEC1D0D5D260053130C /* Products */ = {
			isa = PBXGroup;
			children = (
				AF106BEB1D0D5D260053130C /* Nobala.app */,
				AF106BFF1D0D5D270053130C /* NobalaTests.xctest */,
				AF106C0A1D0D5D270053130C /* NobalaUITests.xctest */,
			);
			name = Products;
			sourceTree = "<group>";
		};
		AF106BED1D0D5D260053130C /* Nobala */ = {
			isa = PBXGroup;
			children = (
				AF0438861D10C28800CF6F2A /* Controller */,
				41D16C5C1D10311000EEB8A2 /* View */,
				AF106C1C1D0D70FC0053130C /* Model */,
				AF106BEE1D0D5D260053130C /* AppDelegate.swift */,
				AF106BF01D0D5D260053130C /* ViewController.swift */,
				AF106BF21D0D5D260053130C /* Main.storyboard */,
				AF106BF51D0D5D260053130C /* Assets.xcassets */,
				AF106BF71D0D5D260053130C /* LaunchScreen.storyboard */,
				AF106BFA1D0D5D270053130C /* Info.plist */,
				41EE79721D1F0227003B4025 /* leftViewController.swift */,
			);
			path = Nobala;
			sourceTree = "<group>";
		};
		AF106C021D0D5D270053130C /* NobalaTests */ = {
			isa = PBXGroup;
			children = (
				AF106C031D0D5D270053130C /* NobalaTests.swift */,
				AF106C051D0D5D270053130C /* Info.plist */,
			);
			path = NobalaTests;
			sourceTree = "<group>";
		};
		AF106C0D1D0D5D270053130C /* NobalaUITests */ = {
			isa = PBXGroup;
			children = (
				AF106C0E1D0D5D270053130C /* NobalaUITests.swift */,
				AF106C101D0D5D270053130C /* Info.plist */,
			);
			path = NobalaUITests;
			sourceTree = "<group>";
		};
		AF106C1C1D0D70FC0053130C /* Model */ = {
			isa = PBXGroup;
			children = (
				AF106C211D0D75860053130C /* NobalaConstants.swift */,
				AF106C1D1D0D755C0053130C /* NobalaClient.swift */,
				AF106C1F1D0D75760053130C /* NobalaConvenient.swift */,
				418825F01D11C698002C2648 /* News.swift */,
				418825F21D12FD8D002C2648 /* Event.swift */,
				AFB086471D143FB200DB6266 /* MainPages.swift */,
				AFD60D011D7D01360002ED14 /* Users.swift */,
				AF658EFF1D813B6C005914E9 /* HomeWork.swift */,
				AF72567F1D9A75A9001E0515 /* Exams.swift */,
				AF9A87991D9D2C5D00B62337 /* HomeWorkStudentReport.swift */,
				AF71CA0D1D9D434A00B9D458 /* ExamsTeacherFollowUp.swift */,
			);
			name = Model;
			sourceTree = "<group>";
		};
		C3CF2CD4F4A51B077DD407ED /* Frameworks */ = {
			isa = PBXGroup;
			children = (
				1E6584049A7C858A374C3B44 /* Pods_Nobala.framework */,
				4633B310B0BE17B61B465026 /* Pods_NobalaTests.framework */,
				19F8CDBB075E1BAE30EE1D7F /* Pods_NobalaUITests.framework */,
			);
			name = Frameworks;
			sourceTree = "<group>";
		};
/* End PBXGroup section */

/* Begin PBXNativeTarget section */
		AF106BEA1D0D5D260053130C /* Nobala */ = {
			isa = PBXNativeTarget;
			buildConfigurationList = AF106C131D0D5D270053130C /* Build configuration list for PBXNativeTarget "Nobala" */;
			buildPhases = (
				3CD5DB3B5A6EDEE24C191230 /* [CP] Check Pods Manifest.lock */,
				1664B8E4CB867E8E6C8EEB80 /* [CP] Check Pods Manifest.lock */,
				AF106BE71D0D5D260053130C /* Sources */,
				AF106BE81D0D5D260053130C /* Frameworks */,
				AF106BE91D0D5D260053130C /* Resources */,
				7B55FC63E8C3B37527744418 /* [CP] Embed Pods Frameworks */,
				418A7ED01D0C93760E992F1D /* [CP] Copy Pods Resources */,
				43785FB6B07025829F333D9C /* 📦 Embed Pods Frameworks */,
				36CD5449FA5C4CCBAB028C87 /* 📦 Copy Pods Resources */,
			);
			buildRules = (
			);
			dependencies = (
			);
			name = Nobala;
			productName = Nobala;
			productReference = AF106BEB1D0D5D260053130C /* Nobala.app */;
			productType = "com.apple.product-type.application";
		};
		AF106BFE1D0D5D270053130C /* NobalaTests */ = {
			isa = PBXNativeTarget;
			buildConfigurationList = AF106C161D0D5D270053130C /* Build configuration list for PBXNativeTarget "NobalaTests" */;
			buildPhases = (
				C121782506A701CE01391431 /* [CP] Check Pods Manifest.lock */,
				A6A763EE53FB97A41E168204 /* [CP] Check Pods Manifest.lock */,
				AF106BFB1D0D5D270053130C /* Sources */,
				AF106BFC1D0D5D270053130C /* Frameworks */,
				AF106BFD1D0D5D270053130C /* Resources */,
				23D0F4BA1385D3344732DFD7 /* [CP] Embed Pods Frameworks */,
				E654742DD92D4A144F4EE143 /* [CP] Copy Pods Resources */,
				3247DFC672EED94DDADBB8C2 /* 📦 Embed Pods Frameworks */,
				7BF549235C7CD3700084028D /* 📦 Copy Pods Resources */,
			);
			buildRules = (
			);
			dependencies = (
				AF106C011D0D5D270053130C /* PBXTargetDependency */,
			);
			name = NobalaTests;
			productName = NobalaTests;
			productReference = AF106BFF1D0D5D270053130C /* NobalaTests.xctest */;
			productType = "com.apple.product-type.bundle.unit-test";
		};
		AF106C091D0D5D270053130C /* NobalaUITests */ = {
			isa = PBXNativeTarget;
			buildConfigurationList = AF106C191D0D5D270053130C /* Build configuration list for PBXNativeTarget "NobalaUITests" */;
			buildPhases = (
				7E709C1C36A6F79FCAF321F5 /* [CP] Check Pods Manifest.lock */,
				C706194E4137806D723223BA /* [CP] Check Pods Manifest.lock */,
				AF106C061D0D5D270053130C /* Sources */,
				AF106C071D0D5D270053130C /* Frameworks */,
				AF106C081D0D5D270053130C /* Resources */,
				B7EBD48DCC77526AA2FB2BC8 /* [CP] Copy Pods Resources */,
				EE7D5B05CA9D09109716239C /* 📦 Copy Pods Resources */,
				EA0CD6338D8A6903EE3F9679 /* [CP] Embed Pods Frameworks */,
			);
			buildRules = (
			);
			dependencies = (
				AF106C0C1D0D5D270053130C /* PBXTargetDependency */,
			);
			name = NobalaUITests;
			productName = NobalaUITests;
			productReference = AF106C0A1D0D5D270053130C /* NobalaUITests.xctest */;
			productType = "com.apple.product-type.bundle.ui-testing";
		};
/* End PBXNativeTarget section */

/* Begin PBXProject section */
		AF106BE31D0D5D260053130C /* Project object */ = {
			isa = PBXProject;
			attributes = {
				LastSwiftUpdateCheck = 0730;
				LastUpgradeCheck = 0730;
				ORGANIZATIONNAME = "Abdelrahman Mohamed";
				TargetAttributes = {
					AF106BEA1D0D5D260053130C = {
						CreatedOnToolsVersion = 7.3.1;
						DevelopmentTeam = AEU29WHAF5;
					};
					AF106BFE1D0D5D270053130C = {
						CreatedOnToolsVersion = 7.3.1;
						DevelopmentTeam = 6KNM32Y4FM;
						TestTargetID = AF106BEA1D0D5D260053130C;
					};
					AF106C091D0D5D270053130C = {
						CreatedOnToolsVersion = 7.3.1;
						DevelopmentTeam = 6KNM32Y4FM;
						TestTargetID = AF106BEA1D0D5D260053130C;
					};
				};
			};
			buildConfigurationList = AF106BE61D0D5D260053130C /* Build configuration list for PBXProject "Nobala" */;
			compatibilityVersion = "Xcode 3.2";
			developmentRegion = English;
			hasScannedForEncodings = 0;
			knownRegions = (
				en,
				Base,
			);
			mainGroup = AF106BE21D0D5D260053130C;
			productRefGroup = AF106BEC1D0D5D260053130C /* Products */;
			projectDirPath = "";
			projectRoot = "";
			targets = (
				AF106BEA1D0D5D260053130C /* Nobala */,
				AF106BFE1D0D5D270053130C /* NobalaTests */,
				AF106C091D0D5D270053130C /* NobalaUITests */,
			);
		};
/* End PBXProject section */

/* Begin PBXResourcesBuildPhase section */
		AF106BE91D0D5D260053130C /* Resources */ = {
			isa = PBXResourcesBuildPhase;
			buildActionMask = 2147483647;
			files = (
				AF106BF91D0D5D260053130C /* LaunchScreen.storyboard in Resources */,
				AF106BF61D0D5D260053130C /* Assets.xcassets in Resources */,
				AF106BF41D0D5D260053130C /* Main.storyboard in Resources */,
			);
			runOnlyForDeploymentPostprocessing = 0;
		};
		AF106BFD1D0D5D270053130C /* Resources */ = {
			isa = PBXResourcesBuildPhase;
			buildActionMask = 2147483647;
			files = (
			);
			runOnlyForDeploymentPostprocessing = 0;
		};
		AF106C081D0D5D270053130C /* Resources */ = {
			isa = PBXResourcesBuildPhase;
			buildActionMask = 2147483647;
			files = (
			);
			runOnlyForDeploymentPostprocessing = 0;
		};
/* End PBXResourcesBuildPhase section */

/* Begin PBXShellScriptBuildPhase section */
		1664B8E4CB867E8E6C8EEB80 /* [CP] Check Pods Manifest.lock */ = {
			isa = PBXShellScriptBuildPhase;
			buildActionMask = 2147483647;
			files = (
			);
			inputPaths = (
			);
			name = "[CP] Check Pods Manifest.lock";
			outputPaths = (
			);
			runOnlyForDeploymentPostprocessing = 0;
			shellPath = /bin/sh;
			shellScript = "diff \"${PODS_ROOT}/../Podfile.lock\" \"${PODS_ROOT}/Manifest.lock\" > /dev/null\nif [[ $? != 0 ]] ; then\n    cat << EOM\nerror: The sandbox is not in sync with the Podfile.lock. Run 'pod install' or update your CocoaPods installation.\nEOM\n    exit 1\nfi\n";
			showEnvVarsInLog = 0;
		};
		23D0F4BA1385D3344732DFD7 /* [CP] Embed Pods Frameworks */ = {
			isa = PBXShellScriptBuildPhase;
			buildActionMask = 2147483647;
			files = (
			);
			inputPaths = (
			);
			name = "[CP] Embed Pods Frameworks";
			outputPaths = (
			);
			runOnlyForDeploymentPostprocessing = 0;
			shellPath = /bin/sh;
			shellScript = "\"${SRCROOT}/Pods/Target Support Files/Pods-NobalaTests/Pods-NobalaTests-frameworks.sh\"\n";
			showEnvVarsInLog = 0;
		};
		3247DFC672EED94DDADBB8C2 /* 📦 Embed Pods Frameworks */ = {
			isa = PBXShellScriptBuildPhase;
			buildActionMask = 2147483647;
			files = (
			);
			inputPaths = (
			);
			name = "📦 Embed Pods Frameworks";
			outputPaths = (
			);
			runOnlyForDeploymentPostprocessing = 0;
			shellPath = /bin/sh;
			shellScript = "\"${SRCROOT}/Pods/Target Support Files/Pods-NobalaTests/Pods-NobalaTests-frameworks.sh\"\n";
			showEnvVarsInLog = 0;
		};
		36CD5449FA5C4CCBAB028C87 /* 📦 Copy Pods Resources */ = {
			isa = PBXShellScriptBuildPhase;
			buildActionMask = 2147483647;
			files = (
			);
			inputPaths = (
			);
			name = "📦 Copy Pods Resources";
			outputPaths = (
			);
			runOnlyForDeploymentPostprocessing = 0;
			shellPath = /bin/sh;
			shellScript = "\"${SRCROOT}/Pods/Target Support Files/Pods-Nobala/Pods-Nobala-resources.sh\"\n";
			showEnvVarsInLog = 0;
		};
		3CD5DB3B5A6EDEE24C191230 /* [CP] Check Pods Manifest.lock */ = {
			isa = PBXShellScriptBuildPhase;
			buildActionMask = 2147483647;
			files = (
			);
			inputPaths = (
			);
			name = "[CP] Check Pods Manifest.lock";
			outputPaths = (
			);
			runOnlyForDeploymentPostprocessing = 0;
			shellPath = /bin/sh;
			shellScript = "diff \"${PODS_ROOT}/../Podfile.lock\" \"${PODS_ROOT}/Manifest.lock\" > /dev/null\nif [ $? != 0 ] ; then\n    # print error to STDERR\n    echo \"error: The sandbox is not in sync with the Podfile.lock. Run 'pod install' or update your CocoaPods installation.\" >&2\n    exit 1\nfi\n";
			showEnvVarsInLog = 0;
		};
		418A7ED01D0C93760E992F1D /* [CP] Copy Pods Resources */ = {
			isa = PBXShellScriptBuildPhase;
			buildActionMask = 2147483647;
			files = (
			);
			inputPaths = (
			);
			name = "[CP] Copy Pods Resources";
			outputPaths = (
			);
			runOnlyForDeploymentPostprocessing = 0;
			shellPath = /bin/sh;
			shellScript = "\"${SRCROOT}/Pods/Target Support Files/Pods-Nobala/Pods-Nobala-resources.sh\"\n";
			showEnvVarsInLog = 0;
		};
		43785FB6B07025829F333D9C /* 📦 Embed Pods Frameworks */ = {
			isa = PBXShellScriptBuildPhase;
			buildActionMask = 2147483647;
			files = (
			);
			inputPaths = (
			);
			name = "📦 Embed Pods Frameworks";
			outputPaths = (
			);
			runOnlyForDeploymentPostprocessing = 0;
			shellPath = /bin/sh;
			shellScript = "\"${SRCROOT}/Pods/Target Support Files/Pods-Nobala/Pods-Nobala-frameworks.sh\"\n";
			showEnvVarsInLog = 0;
		};
		7B55FC63E8C3B37527744418 /* [CP] Embed Pods Frameworks */ = {
			isa = PBXShellScriptBuildPhase;
			buildActionMask = 2147483647;
			files = (
			);
			inputPaths = (
			);
			name = "[CP] Embed Pods Frameworks";
			outputPaths = (
			);
			runOnlyForDeploymentPostprocessing = 0;
			shellPath = /bin/sh;
			shellScript = "\"${SRCROOT}/Pods/Target Support Files/Pods-Nobala/Pods-Nobala-frameworks.sh\"\n";
			showEnvVarsInLog = 0;
		};
		7BF549235C7CD3700084028D /* 📦 Copy Pods Resources */ = {
			isa = PBXShellScriptBuildPhase;
			buildActionMask = 2147483647;
			files = (
			);
			inputPaths = (
			);
			name = "📦 Copy Pods Resources";
			outputPaths = (
			);
			runOnlyForDeploymentPostprocessing = 0;
			shellPath = /bin/sh;
			shellScript = "\"${SRCROOT}/Pods/Target Support Files/Pods-NobalaTests/Pods-NobalaTests-resources.sh\"\n";
			showEnvVarsInLog = 0;
		};
		7E709C1C36A6F79FCAF321F5 /* [CP] Check Pods Manifest.lock */ = {
			isa = PBXShellScriptBuildPhase;
			buildActionMask = 2147483647;
			files = (
			);
			inputPaths = (
			);
			name = "[CP] Check Pods Manifest.lock";
			outputPaths = (
			);
			runOnlyForDeploymentPostprocessing = 0;
			shellPath = /bin/sh;
			shellScript = "diff \"${PODS_ROOT}/../Podfile.lock\" \"${PODS_ROOT}/Manifest.lock\" > /dev/null\nif [ $? != 0 ] ; then\n    # print error to STDERR\n    echo \"error: The sandbox is not in sync with the Podfile.lock. Run 'pod install' or update your CocoaPods installation.\" >&2\n    exit 1\nfi\n";
			showEnvVarsInLog = 0;
		};
		A6A763EE53FB97A41E168204 /* [CP] Check Pods Manifest.lock */ = {
			isa = PBXShellScriptBuildPhase;
			buildActionMask = 2147483647;
			files = (
			);
			inputPaths = (
			);
			name = "[CP] Check Pods Manifest.lock";
			outputPaths = (
			);
			runOnlyForDeploymentPostprocessing = 0;
			shellPath = /bin/sh;
			shellScript = "diff \"${PODS_ROOT}/../Podfile.lock\" \"${PODS_ROOT}/Manifest.lock\" > /dev/null\nif [[ $? != 0 ]] ; then\n    cat << EOM\nerror: The sandbox is not in sync with the Podfile.lock. Run 'pod install' or update your CocoaPods installation.\nEOM\n    exit 1\nfi\n";
			showEnvVarsInLog = 0;
		};
		B7EBD48DCC77526AA2FB2BC8 /* [CP] Copy Pods Resources */ = {
			isa = PBXShellScriptBuildPhase;
			buildActionMask = 2147483647;
			files = (
			);
			inputPaths = (
			);
			name = "[CP] Copy Pods Resources";
			outputPaths = (
			);
			runOnlyForDeploymentPostprocessing = 0;
			shellPath = /bin/sh;
			shellScript = "\"${SRCROOT}/Pods/Target Support Files/Pods-NobalaUITests/Pods-NobalaUITests-resources.sh\"\n";
			showEnvVarsInLog = 0;
		};
		C121782506A701CE01391431 /* [CP] Check Pods Manifest.lock */ = {
			isa = PBXShellScriptBuildPhase;
			buildActionMask = 2147483647;
			files = (
			);
			inputPaths = (
			);
			name = "[CP] Check Pods Manifest.lock";
			outputPaths = (
			);
			runOnlyForDeploymentPostprocessing = 0;
			shellPath = /bin/sh;
			shellScript = "diff \"${PODS_ROOT}/../Podfile.lock\" \"${PODS_ROOT}/Manifest.lock\" > /dev/null\nif [ $? != 0 ] ; then\n    # print error to STDERR\n    echo \"error: The sandbox is not in sync with the Podfile.lock. Run 'pod install' or update your CocoaPods installation.\" >&2\n    exit 1\nfi\n";
			showEnvVarsInLog = 0;
		};
		C706194E4137806D723223BA /* [CP] Check Pods Manifest.lock */ = {
			isa = PBXShellScriptBuildPhase;
			buildActionMask = 2147483647;
			files = (
			);
			inputPaths = (
			);
			name = "[CP] Check Pods Manifest.lock";
			outputPaths = (
			);
			runOnlyForDeploymentPostprocessing = 0;
			shellPath = /bin/sh;
			shellScript = "diff \"${PODS_ROOT}/../Podfile.lock\" \"${PODS_ROOT}/Manifest.lock\" > /dev/null\nif [[ $? != 0 ]] ; then\n    cat << EOM\nerror: The sandbox is not in sync with the Podfile.lock. Run 'pod install' or update your CocoaPods installation.\nEOM\n    exit 1\nfi\n";
			showEnvVarsInLog = 0;
		};
		E654742DD92D4A144F4EE143 /* [CP] Copy Pods Resources */ = {
			isa = PBXShellScriptBuildPhase;
			buildActionMask = 2147483647;
			files = (
			);
			inputPaths = (
			);
			name = "[CP] Copy Pods Resources";
			outputPaths = (
			);
			runOnlyForDeploymentPostprocessing = 0;
			shellPath = /bin/sh;
			shellScript = "\"${SRCROOT}/Pods/Target Support Files/Pods-NobalaTests/Pods-NobalaTests-resources.sh\"\n";
			showEnvVarsInLog = 0;
		};
		EA0CD6338D8A6903EE3F9679 /* [CP] Embed Pods Frameworks */ = {
			isa = PBXShellScriptBuildPhase;
			buildActionMask = 2147483647;
			files = (
			);
			inputPaths = (
			);
			name = "[CP] Embed Pods Frameworks";
			outputPaths = (
			);
			runOnlyForDeploymentPostprocessing = 0;
			shellPath = /bin/sh;
			shellScript = "\"${SRCROOT}/Pods/Target Support Files/Pods-NobalaUITests/Pods-NobalaUITests-frameworks.sh\"\n";
			showEnvVarsInLog = 0;
		};
		EE7D5B05CA9D09109716239C /* 📦 Copy Pods Resources */ = {
			isa = PBXShellScriptBuildPhase;
			buildActionMask = 2147483647;
			files = (
			);
			inputPaths = (
			);
			name = "📦 Copy Pods Resources";
			outputPaths = (
			);
			runOnlyForDeploymentPostprocessing = 0;
			shellPath = /bin/sh;
			shellScript = "\"${SRCROOT}/Pods/Target Support Files/Pods-NobalaUITests/Pods-NobalaUITests-resources.sh\"\n";
			showEnvVarsInLog = 0;
		};
/* End PBXShellScriptBuildPhase section */

/* Begin PBXSourcesBuildPhase section */
		AF106BE71D0D5D260053130C /* Sources */ = {
			isa = PBXSourcesBuildPhase;
			buildActionMask = 2147483647;
			files = (
				418825EF1D11C523002C2648 /* ViewWebServiceProtocol.swift in Sources */,
				AFB086421D13577600DB6266 /* NobalaViewController.swift in Sources */,
				418825F31D12FD8D002C2648 /* Event.swift in Sources */,
				AF7256801D9A75A9001E0515 /* Exams.swift in Sources */,
				AFC6BC701DB9794F00AA4E9C /* ExamsReportViewController.swift in Sources */,
				AFB086481D143FB200DB6266 /* MainPages.swift in Sources */,
				E3430A5A1DB02FC5008BC6BB /* homeWorkTableViewCell.swift in Sources */,
				AFC6BC741DB979AB00AA4E9C /* DailyHomeworkViewController.swift in Sources */,
				AF106BF11D0D5D260053130C /* ViewController.swift in Sources */,
				AFD60D021D7D01360002ED14 /* Users.swift in Sources */,
				AF09BBDB1DBBEC4E00C4414F /* ExamsTableViewCell.swift in Sources */,
				41EE79731D1F0227003B4025 /* leftViewController.swift in Sources */,
				AFC6BC721DB9797700AA4E9C /* LearningPlanViewController.swift in Sources */,
				AFB9E4BC1D11605900C045EF /* EventsViewController.swift in Sources */,
				AF106C1E1D0D755C0053130C /* NobalaClient.swift in Sources */,
				41D16C621D10384700EEB8A2 /* NewsTableViewCell.swift in Sources */,
				AFC6BC6C1DB9791300AA4E9C /* ExamsViewController.swift in Sources */,
				AF106BEF1D0D5D260053130C /* AppDelegate.swift in Sources */,
				AFCA67941DA3D46200970D1B /* LoginViewController.swift in Sources */,
				AF940BF71DA5651800937119 /* NobalaWebServiceProtocol.swift in Sources */,
				AFB086441D1358F500DB6266 /* KnowsUsViewController.swift in Sources */,
				AFB086461D13FC5800DB6266 /* ContactUsViewController.swift in Sources */,
				AF658F001D813B6C005914E9 /* HomeWork.swift in Sources */,
				AF0438881D10C2CD00CF6F2A /* NewsViewController.swift in Sources */,
				E3430A581DB02C5B008BC6BB /* homeWorkViewController.swift in Sources */,
				AF71CA0E1D9D434A00B9D458 /* ExamsTeacherFollowUp.swift in Sources */,
				418825F91D15A1BC002C2648 /* NewsDetailsViewController.swift in Sources */,
				AF9A879A1D9D2C5D00B62337 /* HomeWorkStudentReport.swift in Sources */,
				AFC6BC6E1DB9793600AA4E9C /* HomeWorkReportViewController.swift in Sources */,
				AF106C201D0D75760053130C /* NobalaConvenient.swift in Sources */,
				C301D2801D2327FB00EF0AE6 /* SocialViewController.swift in Sources */,
				418825F11D11C698002C2648 /* News.swift in Sources */,
				E3430A561DB0254C008BC6BB /* managerMainMenuViewController.swift in Sources */,
				AF106C221D0D75860053130C /* NobalaConstants.swift in Sources */,
			);
			runOnlyForDeploymentPostprocessing = 0;
		};
		AF106BFB1D0D5D270053130C /* Sources */ = {
			isa = PBXSourcesBuildPhase;
			buildActionMask = 2147483647;
			files = (
				AF106C041D0D5D270053130C /* NobalaTests.swift in Sources */,
			);
			runOnlyForDeploymentPostprocessing = 0;
		};
		AF106C061D0D5D270053130C /* Sources */ = {
			isa = PBXSourcesBuildPhase;
			buildActionMask = 2147483647;
			files = (
				AF106C0F1D0D5D270053130C /* NobalaUITests.swift in Sources */,
			);
			runOnlyForDeploymentPostprocessing = 0;
		};
/* End PBXSourcesBuildPhase section */

/* Begin PBXTargetDependency section */
		AF106C011D0D5D270053130C /* PBXTargetDependency */ = {
			isa = PBXTargetDependency;
			target = AF106BEA1D0D5D260053130C /* Nobala */;
			targetProxy = AF106C001D0D5D270053130C /* PBXContainerItemProxy */;
		};
		AF106C0C1D0D5D270053130C /* PBXTargetDependency */ = {
			isa = PBXTargetDependency;
			target = AF106BEA1D0D5D260053130C /* Nobala */;
			targetProxy = AF106C0B1D0D5D270053130C /* PBXContainerItemProxy */;
		};
/* End PBXTargetDependency section */

/* Begin PBXVariantGroup section */
		AF106BF21D0D5D260053130C /* Main.storyboard */ = {
			isa = PBXVariantGroup;
			children = (
				AF106BF31D0D5D260053130C /* Base */,
			);
			name = Main.storyboard;
			sourceTree = "<group>";
		};
		AF106BF71D0D5D260053130C /* LaunchScreen.storyboard */ = {
			isa = PBXVariantGroup;
			children = (
				AF106BF81D0D5D260053130C /* Base */,
			);
			name = LaunchScreen.storyboard;
			sourceTree = "<group>";
		};
/* End PBXVariantGroup section */

/* Begin XCBuildConfiguration section */
		AF106C111D0D5D270053130C /* Debug */ = {
			isa = XCBuildConfiguration;
			buildSettings = {
				ALWAYS_SEARCH_USER_PATHS = NO;
				CLANG_ANALYZER_NONNULL = YES;
				CLANG_CXX_LANGUAGE_STANDARD = "gnu++0x";
				CLANG_CXX_LIBRARY = "libc++";
				CLANG_ENABLE_MODULES = YES;
				CLANG_ENABLE_OBJC_ARC = YES;
				CLANG_WARN_BOOL_CONVERSION = YES;
				CLANG_WARN_CONSTANT_CONVERSION = YES;
				CLANG_WARN_DIRECT_OBJC_ISA_USAGE = YES_ERROR;
				CLANG_WARN_EMPTY_BODY = YES;
				CLANG_WARN_ENUM_CONVERSION = YES;
				CLANG_WARN_INT_CONVERSION = YES;
				CLANG_WARN_OBJC_ROOT_CLASS = YES_ERROR;
				CLANG_WARN_UNREACHABLE_CODE = YES;
				CLANG_WARN__DUPLICATE_METHOD_MATCH = YES;
				"CODE_SIGN_IDENTITY[sdk=iphoneos*]" = "iPhone Developer";
				COPY_PHASE_STRIP = NO;
				DEBUG_INFORMATION_FORMAT = dwarf;
				ENABLE_STRICT_OBJC_MSGSEND = YES;
				ENABLE_TESTABILITY = YES;
				GCC_C_LANGUAGE_STANDARD = gnu99;
				GCC_DYNAMIC_NO_PIC = NO;
				GCC_NO_COMMON_BLOCKS = YES;
				GCC_OPTIMIZATION_LEVEL = 0;
				GCC_PREPROCESSOR_DEFINITIONS = (
					"DEBUG=1",
					"$(inherited)",
				);
				GCC_WARN_64_TO_32_BIT_CONVERSION = YES;
				GCC_WARN_ABOUT_RETURN_TYPE = YES_ERROR;
				GCC_WARN_UNDECLARED_SELECTOR = YES;
				GCC_WARN_UNINITIALIZED_AUTOS = YES_AGGRESSIVE;
				GCC_WARN_UNUSED_FUNCTION = YES;
				GCC_WARN_UNUSED_VARIABLE = YES;
				IPHONEOS_DEPLOYMENT_TARGET = 9.3;
				MTL_ENABLE_DEBUG_INFO = YES;
				ONLY_ACTIVE_ARCH = YES;
				SDKROOT = iphoneos;
				SWIFT_OPTIMIZATION_LEVEL = "-Onone";
				TARGETED_DEVICE_FAMILY = "1,2";
			};
			name = Debug;
		};
		AF106C121D0D5D270053130C /* Release */ = {
			isa = XCBuildConfiguration;
			buildSettings = {
				ALWAYS_SEARCH_USER_PATHS = NO;
				CLANG_ANALYZER_NONNULL = YES;
				CLANG_CXX_LANGUAGE_STANDARD = "gnu++0x";
				CLANG_CXX_LIBRARY = "libc++";
				CLANG_ENABLE_MODULES = YES;
				CLANG_ENABLE_OBJC_ARC = YES;
				CLANG_WARN_BOOL_CONVERSION = YES;
				CLANG_WARN_CONSTANT_CONVERSION = YES;
				CLANG_WARN_DIRECT_OBJC_ISA_USAGE = YES_ERROR;
				CLANG_WARN_EMPTY_BODY = YES;
				CLANG_WARN_ENUM_CONVERSION = YES;
				CLANG_WARN_INT_CONVERSION = YES;
				CLANG_WARN_OBJC_ROOT_CLASS = YES_ERROR;
				CLANG_WARN_UNREACHABLE_CODE = YES;
				CLANG_WARN__DUPLICATE_METHOD_MATCH = YES;
				"CODE_SIGN_IDENTITY[sdk=iphoneos*]" = "iPhone Developer";
				COPY_PHASE_STRIP = NO;
				DEBUG_INFORMATION_FORMAT = "dwarf-with-dsym";
				ENABLE_NS_ASSERTIONS = NO;
				ENABLE_STRICT_OBJC_MSGSEND = YES;
				GCC_C_LANGUAGE_STANDARD = gnu99;
				GCC_NO_COMMON_BLOCKS = YES;
				GCC_WARN_64_TO_32_BIT_CONVERSION = YES;
				GCC_WARN_ABOUT_RETURN_TYPE = YES_ERROR;
				GCC_WARN_UNDECLARED_SELECTOR = YES;
				GCC_WARN_UNINITIALIZED_AUTOS = YES_AGGRESSIVE;
				GCC_WARN_UNUSED_FUNCTION = YES;
				GCC_WARN_UNUSED_VARIABLE = YES;
				IPHONEOS_DEPLOYMENT_TARGET = 9.3;
				MTL_ENABLE_DEBUG_INFO = NO;
				SDKROOT = iphoneos;
				TARGETED_DEVICE_FAMILY = "1,2";
				VALIDATE_PRODUCT = YES;
			};
			name = Release;
		};
		AF106C141D0D5D270053130C /* Debug */ = {
			isa = XCBuildConfiguration;
			baseConfigurationReference = 6EF4386AC8933116735F88D8 /* Pods-Nobala.debug.xcconfig */;
			buildSettings = {
				ASSETCATALOG_COMPILER_APPICON_NAME = AppIcon;
				CODE_SIGN_IDENTITY = "iPhone Developer";
				"CODE_SIGN_IDENTITY[sdk=iphoneos*]" = "iPhone Developer";
				INFOPLIST_FILE = Nobala/Info.plist;
				LD_RUNPATH_SEARCH_PATHS = "$(inherited) @executable_path/Frameworks";
				PRODUCT_BUNDLE_IDENTIFIER = au.com.molutions.Nobala;
				PRODUCT_NAME = "$(TARGET_NAME)";
				PROVISIONING_PROFILE = "";
				TARGETED_DEVICE_FAMILY = 1;
			};
			name = Debug;
		};
		AF106C151D0D5D270053130C /* Release */ = {
			isa = XCBuildConfiguration;
			baseConfigurationReference = 557B29992FCBE88A41B17321 /* Pods-Nobala.release.xcconfig */;
			buildSettings = {
				ASSETCATALOG_COMPILER_APPICON_NAME = AppIcon;
				CODE_SIGN_IDENTITY = "iPhone Developer";
				"CODE_SIGN_IDENTITY[sdk=iphoneos*]" = "iPhone Developer";
				INFOPLIST_FILE = Nobala/Info.plist;
				LD_RUNPATH_SEARCH_PATHS = "$(inherited) @executable_path/Frameworks";
				PRODUCT_BUNDLE_IDENTIFIER = au.com.molutions.Nobala;
				PRODUCT_NAME = "$(TARGET_NAME)";
				PROVISIONING_PROFILE = "";
				TARGETED_DEVICE_FAMILY = 1;
			};
			name = Release;
		};
		AF106C171D0D5D270053130C /* Debug */ = {
			isa = XCBuildConfiguration;
			baseConfigurationReference = E39CD8703F567072BB453856 /* Pods-NobalaTests.debug.xcconfig */;
			buildSettings = {
				BUNDLE_LOADER = "$(TEST_HOST)";
				INFOPLIST_FILE = NobalaTests/Info.plist;
				LD_RUNPATH_SEARCH_PATHS = "$(inherited) @executable_path/Frameworks @loader_path/Frameworks";
				PRODUCT_BUNDLE_IDENTIFIER = au.com.molutions.NobalaTests;
				PRODUCT_NAME = "$(TARGET_NAME)";
				TEST_HOST = "$(BUILT_PRODUCTS_DIR)/Nobala.app/Nobala";
			};
			name = Debug;
		};
		AF106C181D0D5D270053130C /* Release */ = {
			isa = XCBuildConfiguration;
			baseConfigurationReference = 7EB0F448900B2FBAA7E40BDF /* Pods-NobalaTests.release.xcconfig */;
			buildSettings = {
				BUNDLE_LOADER = "$(TEST_HOST)";
				INFOPLIST_FILE = NobalaTests/Info.plist;
				LD_RUNPATH_SEARCH_PATHS = "$(inherited) @executable_path/Frameworks @loader_path/Frameworks";
				PRODUCT_BUNDLE_IDENTIFIER = au.com.molutions.NobalaTests;
				PRODUCT_NAME = "$(TARGET_NAME)";
				TEST_HOST = "$(BUILT_PRODUCTS_DIR)/Nobala.app/Nobala";
			};
			name = Release;
		};
		AF106C1A1D0D5D270053130C /* Debug */ = {
			isa = XCBuildConfiguration;
			baseConfigurationReference = 2C425AFED6CC1EB8D079BC25 /* Pods-NobalaUITests.debug.xcconfig */;
			buildSettings = {
				INFOPLIST_FILE = NobalaUITests/Info.plist;
				LD_RUNPATH_SEARCH_PATHS = "$(inherited) @executable_path/Frameworks @loader_path/Frameworks";
				PRODUCT_BUNDLE_IDENTIFIER = au.com.molutions.NobalaUITests;
				PRODUCT_NAME = "$(TARGET_NAME)";
				TEST_TARGET_NAME = Nobala;
			};
			name = Debug;
		};
		AF106C1B1D0D5D270053130C /* Release */ = {
			isa = XCBuildConfiguration;
			baseConfigurationReference = F2C7943EB1C7EF5503DCCD36 /* Pods-NobalaUITests.release.xcconfig */;
			buildSettings = {
				INFOPLIST_FILE = NobalaUITests/Info.plist;
				LD_RUNPATH_SEARCH_PATHS = "$(inherited) @executable_path/Frameworks @loader_path/Frameworks";
				PRODUCT_BUNDLE_IDENTIFIER = au.com.molutions.NobalaUITests;
				PRODUCT_NAME = "$(TARGET_NAME)";
				TEST_TARGET_NAME = Nobala;
			};
			name = Release;
		};
/* End XCBuildConfiguration section */

/* Begin XCConfigurationList section */
		AF106BE61D0D5D260053130C /* Build configuration list for PBXProject "Nobala" */ = {
			isa = XCConfigurationList;
			buildConfigurations = (
				AF106C111D0D5D270053130C /* Debug */,
				AF106C121D0D5D270053130C /* Release */,
			);
			defaultConfigurationIsVisible = 0;
			defaultConfigurationName = Release;
		};
		AF106C131D0D5D270053130C /* Build configuration list for PBXNativeTarget "Nobala" */ = {
			isa = XCConfigurationList;
			buildConfigurations = (
				AF106C141D0D5D270053130C /* Debug */,
				AF106C151D0D5D270053130C /* Release */,
			);
			defaultConfigurationIsVisible = 0;
			defaultConfigurationName = Release;
		};
		AF106C161D0D5D270053130C /* Build configuration list for PBXNativeTarget "NobalaTests" */ = {
			isa = XCConfigurationList;
			buildConfigurations = (
				AF106C171D0D5D270053130C /* Debug */,
				AF106C181D0D5D270053130C /* Release */,
			);
			defaultConfigurationIsVisible = 0;
			defaultConfigurationName = Release;
		};
		AF106C191D0D5D270053130C /* Build configuration list for PBXNativeTarget "NobalaUITests" */ = {
			isa = XCConfigurationList;
			buildConfigurations = (
				AF106C1A1D0D5D270053130C /* Debug */,
				AF106C1B1D0D5D270053130C /* Release */,
			);
			defaultConfigurationIsVisible = 0;
			defaultConfigurationName = Release;
		};
/* End XCConfigurationList section */
	};
	rootObject = AF106BE31D0D5D260053130C /* Project object */;
}
